
Microsoft Visual Studio Solution File, Format Version 12.00
# Visual Studio 2013
VisualStudioVersion = 12.0.20617.1 PREVIEW
MinimumVisualStudioVersion = 10.0.40219.1
Project("{FAE04EC0-301F-11D3-BF4B-00C04F79EFBC}") = "VirtualCollection.SL", "VirtualCollection\VirtualCollection.SL.csproj", "{897FB397-B61A-4353-809E-5C52970DF3AC}"
EndProject
Project("{FAE04EC0-301F-11D3-BF4B-00C04F79EFBC}") = "VirtualCollection", "VirtualCollection\VirtualCollection.csproj", "{AEEAA84D-4123-4BA1-8B05-9408D6035F4A}"
EndProject
Project("{FAE04EC0-301F-11D3-BF4B-00C04F79EFBC}") = "VirtualCollection.SL.Extensions", "VirtualCollection.SL.Extensions\VirtualCollection.SL.Extensions.csproj", "{DF2C6551-CC69-4BB5-860D-EFDC49AC4EF7}"
EndProject
Global
	GlobalSection(SolutionConfigurationPlatforms) = preSolution
		Debug|Any CPU = Debug|Any CPU
		Release|Any CPU = Release|Any CPU
	EndGlobalSection
	GlobalSection(ProjectConfigurationPlatforms) = postSolution
		{897FB397-B61A-4353-809E-5C52970DF3AC}.Debug|Any CPU.ActiveCfg = Debug|Any CPU
		{897FB397-B61A-4353-809E-5C52970DF3AC}.Debug|Any CPU.Build.0 = Debug|Any CPU
		{897FB397-B61A-4353-809E-5C52970DF3AC}.Release|Any CPU.ActiveCfg = Release|Any CPU
		{897FB397-B61A-4353-809E-5C52970DF3AC}.Release|Any CPU.Build.0 = Release|Any CPU
		{AEEAA84D-4123-4BA1-8B05-9408D6035F4A}.Debug|Any CPU.ActiveCfg = Debug|Any CPU
		{AEEAA84D-4123-4BA1-8B05-9408D6035F4A}.Debug|Any CPU.Build.0 = Debug|Any CPU
		{AEEAA84D-4123-4BA1-8B05-9408D6035F4A}.Release|Any CPU.ActiveCfg = Release|Any CPU
		{AEEAA84D-4123-4BA1-8B05-9408D6035F4A}.Release|Any CPU.Build.0 = Release|Any CPU
		{DF2C6551-CC69-4BB5-860D-EFDC49AC4EF7}.Debug|Any CPU.ActiveCfg = Debug|Any CPU
		{DF2C6551-CC69-4BB5-860D-EFDC49AC4EF7}.Debug|Any CPU.Build.0 = Debug|Any CPU
		{DF2C6551-CC69-4BB5-860D-EFDC49AC4EF7}.Release|Any CPU.ActiveCfg = Release|Any CPU
		{DF2C6551-CC69-4BB5-860D-EFDC49AC4EF7}.Release|Any CPU.Build.0 = Release|Any CPU
	EndGlobalSection
	GlobalSection(SolutionProperties) = preSolution
		HideSolutionNode = FALSE
	EndGlobalSection
EndGlobal
